
Microsoft Visual Studio Solution File, Format Version 11.00
# Visual Studio 2010
# SharpDevelop 4.1.0.8000
Project("{FAE04EC0-301F-11D3-BF4B-00C04F79EFBC}") = "IIOPChannel", "IIOPChannel\IIOPChannel.csproj", "{06B8BCFF-7887-4DCE-B451-0DCA831D4A2D}"
EndProject
Project("{FAE04EC0-301F-11D3-BF4B-00C04F79EFBC}") = "IDLPreProcCSharp", "IDLToCLSCompiler\IDLPreprocessor\IDLPreProcCSharp.csproj", "{76FDDBCE-9A94-48F4-9502-067736AC0533}"
EndProject
Project("{FAE04EC0-301F-11D3-BF4B-00C04F79EFBC}") = "IDLTOCLSCompiler", "IDLToCLSCompiler\IDLCompiler\IDL TO CLS Compiler CS.csproj", "{3874C0C0-0AFF-4D8F-BFEB-EDB6499AEA8F}"
EndProject
Project("{FAE04EC0-301F-11D3-BF4B-00C04F79EFBC}") = "ClsToIdlGenerator", "CLSToIDLGenerator\ClsToIdlGenerator.csproj", "{3803A57D-CAC1-4EBA-8BED-59DE37E7EF0C}"
EndProject
Project("{FAE04EC0-301F-11D3-BF4B-00C04F79EFBC}") = "SslPlugin", "SSLPlugin\SslPlugin.csproj", "{44F25FED-02C4-4543-816C-68F9F8DE5BB3}"
EndProject
Project("{FAE04EC0-301F-11D3-BF4B-00C04F79EFBC}") = "CoreRemoting", "CoreRemoting\CoreRemoting\CoreRemoting.csproj", "{D63B2382-C59E-4F07-9C76-77EAE45969DB}"
EndProject
Project("{FAE04EC0-301F-11D3-BF4B-00C04F79EFBC}") = "ClsToIdlGeneratorCore", "ClsToIdlGeneratorCore\ClsToIdlGeneratorCore.csproj", "{7F520B8C-FEA2-46E1-AB99-043CF61D2CAC}"
EndProject
Project("{FAE04EC0-301F-11D3-BF4B-00C04F79EFBC}") = "IdlToClsCompilerCore", "IdlToClsCompilerCore\IdlToClsCompilerCore.csproj", "{4B214863-39C7-4FF9-867A-A1B6FD728A69}"
EndProject
Project("{FAE04EC0-301F-11D3-BF4B-00C04F79EFBC}") = "IDLPreProcCSharpCore", "IDLPreProcCSharpCore\IDLPreProcCSharpCore.csproj", "{9CC00F6F-F28F-41AC-BB28-A1A9A61E540C}"
EndProject
Project("{FAE04EC0-301F-11D3-BF4B-00C04F79EFBC}") = "IIOPChannelCore", "IIOPChannelCore\IIOPChannelCore.csproj", "{C60B1854-839E-43B9-8222-B7217957FD9D}"
EndProject
Global
	GlobalSection(SolutionConfigurationPlatforms) = preSolution
		Debug|Any CPU = Debug|Any CPU
		Release|Any CPU = Release|Any CPU
	EndGlobalSection
	GlobalSection(ProjectConfigurationPlatforms) = postSolution
		{06B8BCFF-7887-4DCE-B451-0DCA831D4A2D}.Debug|Any CPU.ActiveCfg = Debug|Any CPU
		{06B8BCFF-7887-4DCE-B451-0DCA831D4A2D}.Debug|Any CPU.Build.0 = Debug|Any CPU
		{06B8BCFF-7887-4DCE-B451-0DCA831D4A2D}.Release|Any CPU.ActiveCfg = Release|Any CPU
		{06B8BCFF-7887-4DCE-B451-0DCA831D4A2D}.Release|Any CPU.Build.0 = Release|Any CPU
		{76FDDBCE-9A94-48F4-9502-067736AC0533}.Debug|Any CPU.ActiveCfg = Debug|Any CPU
		{76FDDBCE-9A94-48F4-9502-067736AC0533}.Debug|Any CPU.Build.0 = Debug|Any CPU
		{76FDDBCE-9A94-48F4-9502-067736AC0533}.Release|Any CPU.ActiveCfg = Release|Any CPU
		{76FDDBCE-9A94-48F4-9502-067736AC0533}.Release|Any CPU.Build.0 = Release|Any CPU
		{3874C0C0-0AFF-4D8F-BFEB-EDB6499AEA8F}.Debug|Any CPU.ActiveCfg = Debug|Any CPU
		{3874C0C0-0AFF-4D8F-BFEB-EDB6499AEA8F}.Debug|Any CPU.Build.0 = Debug|Any CPU
		{3874C0C0-0AFF-4D8F-BFEB-EDB6499AEA8F}.Release|Any CPU.ActiveCfg = Release|Any CPU
		{3874C0C0-0AFF-4D8F-BFEB-EDB6499AEA8F}.Release|Any CPU.Build.0 = Release|Any CPU
		{3803A57D-CAC1-4EBA-8BED-59DE37E7EF0C}.Debug|Any CPU.ActiveCfg = Debug|Any CPU
		{3803A57D-CAC1-4EBA-8BED-59DE37E7EF0C}.Debug|Any CPU.Build.0 = Debug|Any CPU
		{3803A57D-CAC1-4EBA-8BED-59DE37E7EF0C}.Release|Any CPU.ActiveCfg = Release|Any CPU
		{3803A57D-CAC1-4EBA-8BED-59DE37E7EF0C}.Release|Any CPU.Build.0 = Release|Any CPU
		{44F25FED-02C4-4543-816C-68F9F8DE5BB3}.Debug|Any CPU.Build.0 = Debug|Any CPU
		{44F25FED-02C4-4543-816C-68F9F8DE5BB3}.Debug|Any CPU.ActiveCfg = Debug|Any CPU
		{44F25FED-02C4-4543-816C-68F9F8DE5BB3}.Release|Any CPU.Build.0 = Release|Any CPU
		{44F25FED-02C4-4543-816C-68F9F8DE5BB3}.Release|Any CPU.ActiveCfg = Release|Any CPU
		{D63B2382-C59E-4F07-9C76-77EAE45969DB}.Debug|Any CPU.ActiveCfg = Debug|Any CPU
		{D63B2382-C59E-4F07-9C76-77EAE45969DB}.Debug|Any CPU.Build.0 = Debug|Any CPU
		{D63B2382-C59E-4F07-9C76-77EAE45969DB}.Release|Any CPU.ActiveCfg = Release|Any CPU
		{D63B2382-C59E-4F07-9C76-77EAE45969DB}.Release|Any CPU.Build.0 = Release|Any CPU
		{7F520B8C-FEA2-46E1-AB99-043CF61D2CAC}.Debug|Any CPU.ActiveCfg = Debug|Any CPU
		{7F520B8C-FEA2-46E1-AB99-043CF61D2CAC}.Debug|Any CPU.Build.0 = Debug|Any CPU
		{7F520B8C-FEA2-46E1-AB99-043CF61D2CAC}.Release|Any CPU.ActiveCfg = Release|Any CPU
		{7F520B8C-FEA2-46E1-AB99-043CF61D2CAC}.Release|Any CPU.Build.0 = Release|Any CPU
		{4B214863-39C7-4FF9-867A-A1B6FD728A69}.Debug|Any CPU.ActiveCfg = Debug|Any CPU
		{4B214863-39C7-4FF9-867A-A1B6FD728A69}.Debug|Any CPU.Build.0 = Debug|Any CPU
		{4B214863-39C7-4FF9-867A-A1B6FD728A69}.Release|Any CPU.ActiveCfg = Release|Any CPU
		{4B214863-39C7-4FF9-867A-A1B6FD728A69}.Release|Any CPU.Build.0 = Release|Any CPU
		{9CC00F6F-F28F-41AC-BB28-A1A9A61E540C}.Debug|Any CPU.ActiveCfg = Debug|Any CPU
		{9CC00F6F-F28F-41AC-BB28-A1A9A61E540C}.Debug|Any CPU.Build.0 = Debug|Any CPU
		{9CC00F6F-F28F-41AC-BB28-A1A9A61E540C}.Release|Any CPU.ActiveCfg = Release|Any CPU
		{9CC00F6F-F28F-41AC-BB28-A1A9A61E540C}.Release|Any CPU.Build.0 = Release|Any CPU
		{C60B1854-839E-43B9-8222-B7217957FD9D}.Debug|Any CPU.ActiveCfg = Debug|Any CPU
		{C60B1854-839E-43B9-8222-B7217957FD9D}.Debug|Any CPU.Build.0 = Debug|Any CPU
		{C60B1854-839E-43B9-8222-B7217957FD9D}.Release|Any CPU.ActiveCfg = Release|Any CPU
		{C60B1854-839E-43B9-8222-B7217957FD9D}.Release|Any CPU.Build.0 = Release|Any CPU
	EndGlobalSection
	GlobalSection(SolutionProperties) = preSolution
		HideSolutionNode = FALSE
	EndGlobalSection
EndGlobal
